
Microsoft Visual Studio Solution File, Format Version 12.00
# Visual Studio 2013
VisualStudioVersion = 12.0.31101.0
MinimumVisualStudioVersion = 10.0.40219.1
Project("{FAE04EC0-301F-11D3-BF4B-00C04F79EFBC}") = "TestDevice", "TestDevice\TestDevice.csproj", "{0E9F3793-1B3C-4183-BC3F-731C55B9C669}"
EndProject
Project("{FAE04EC0-301F-11D3-BF4B-00C04F79EFBC}") = "OctobluClient", "octobluclient\OctobluClient.csproj", "{64F2AEFB-7B00-4C1B-95B0-CF3BE4BFB6F9}"
EndProject
Global
	GlobalSection(SolutionConfigurationPlatforms) = preSolution
		Debug|Any CPU = Debug|Any CPU
		Release|Any CPU = Release|Any CPU
	EndGlobalSection
	GlobalSection(ProjectConfigurationPlatforms) = postSolution
		{0E9F3793-1B3C-4183-BC3F-731C55B9C669}.Debug|Any CPU.ActiveCfg = Debug|Any CPU
		{0E9F3793-1B3C-4183-BC3F-731C55B9C669}.Debug|Any CPU.Build.0 = Debug|Any CPU
		{0E9F3793-1B3C-4183-BC3F-731C55B9C669}.Release|Any CPU.ActiveCfg = Release|Any CPU
		{0E9F3793-1B3C-4183-BC3F-731C55B9C669}.Release|Any CPU.Build.0 = Release|Any CPU
		{64F2AEFB-7B00-4C1B-95B0-CF3BE4BFB6F9}.Debug|Any CPU.ActiveCfg = Debug|Any CPU
		{64F2AEFB-7B00-4C1B-95B0-CF3BE4BFB6F9}.Debug|Any CPU.Build.0 = Debug|Any CPU
		{64F2AEFB-7B00-4C1B-95B0-CF3BE4BFB6F9}.Release|Any CPU.ActiveCfg = Release|Any CPU
		{64F2AEFB-7B00-4C1B-95B0-CF3BE4BFB6F9}.Release|Any CPU.Build.0 = Release|Any CPU
	EndGlobalSection
	GlobalSection(SolutionProperties) = preSolution
		HideSolutionNode = FALSE
	EndGlobalSection
EndGlobal
